
Microsoft Visual Studio Solution File, Format Version 12.00
# Visual Studio 14
VisualStudioVersion = 14.0.25420.1
MinimumVisualStudioVersion = 10.0.40219.1
Project("{FAE04EC0-301F-11D3-BF4B-00C04F79EFBC}") = "caDay04", "caDay04\caDay04.csproj", "{9C184B9B-750B-4D11-9F23-62454F2903AF}"
EndProject
Project("{FAE04EC0-301F-11D3-BF4B-00C04F79EFBC}") = "caSolveMeFirst", "caSolveMeFirst\caSolveMeFirst.csproj", "{795D44D7-542D-48AE-A508-F94B1F9E14D5}"
EndProject
Project("{FAE04EC0-301F-11D3-BF4B-00C04F79EFBC}") = "simpleArraySum", "simpleArraySum\simpleArraySum.csproj", "{78DCB071-481D-4E7A-B95D-4FD839BA3FF0}"
EndProject
Project("{FAE04EC0-301F-11D3-BF4B-00C04F79EFBC}") = "caCompareTheTriplets", "caCompareTheTriplets\caCompareTheTriplets.csproj", "{AAA682D5-F1D9-4554-B76E-8B5F44F2CB86}"
EndProject
Global
	GlobalSection(SolutionConfigurationPlatforms) = preSolution
		Debug|Any CPU = Debug|Any CPU
		Release|Any CPU = Release|Any CPU
	EndGlobalSection
	GlobalSection(ProjectConfigurationPlatforms) = postSolution
		{9C184B9B-750B-4D11-9F23-62454F2903AF}.Debug|Any CPU.ActiveCfg = Debug|Any CPU
		{9C184B9B-750B-4D11-9F23-62454F2903AF}.Debug|Any CPU.Build.0 = Debug|Any CPU
		{9C184B9B-750B-4D11-9F23-62454F2903AF}.Release|Any CPU.ActiveCfg = Release|Any CPU
		{9C184B9B-750B-4D11-9F23-62454F2903AF}.Release|Any CPU.Build.0 = Release|Any CPU
		{795D44D7-542D-48AE-A508-F94B1F9E14D5}.Debug|Any CPU.ActiveCfg = Debug|Any CPU
		{795D44D7-542D-48AE-A508-F94B1F9E14D5}.Debug|Any CPU.Build.0 = Debug|Any CPU
		{795D44D7-542D-48AE-A508-F94B1F9E14D5}.Release|Any CPU.ActiveCfg = Release|Any CPU
		{795D44D7-542D-48AE-A508-F94B1F9E14D5}.Release|Any CPU.Build.0 = Release|Any CPU
		{78DCB071-481D-4E7A-B95D-4FD839BA3FF0}.Debug|Any CPU.ActiveCfg = Debug|Any CPU
		{78DCB071-481D-4E7A-B95D-4FD839BA3FF0}.Debug|Any CPU.Build.0 = Debug|Any CPU
		{78DCB071-481D-4E7A-B95D-4FD839BA3FF0}.Release|Any CPU.ActiveCfg = Release|Any CPU
		{78DCB071-481D-4E7A-B95D-4FD839BA3FF0}.Release|Any CPU.Build.0 = Release|Any CPU
		{AAA682D5-F1D9-4554-B76E-8B5F44F2CB86}.Debug|Any CPU.ActiveCfg = Debug|Any CPU
		{AAA682D5-F1D9-4554-B76E-8B5F44F2CB86}.Debug|Any CPU.Build.0 = Debug|Any CPU
		{AAA682D5-F1D9-4554-B76E-8B5F44F2CB86}.Release|Any CPU.ActiveCfg = Release|Any CPU
		{AAA682D5-F1D9-4554-B76E-8B5F44F2CB86}.Release|Any CPU.Build.0 = Release|Any CPU
	EndGlobalSection
	GlobalSection(SolutionProperties) = preSolution
		HideSolutionNode = FALSE
	EndGlobalSection
EndGlobal
